hash: ad46a84ed80c98827e8ba20d99e8d6155f8689177f64b057cbed8a3c5d707344
updated: 2018-04-02T17:46:55.110845795+08:00
imports:
- name: github.com/golang/protobuf
  version: e09c5db296004fbe3f74490e84dcd62c3c5ddb1b
  subpackages:
  - proto
- name: github.com/jsvisa/logging
  version: 3df13424eee3a60b2e66368aa02ce45a1e8e0f40
- name: github.com/juju/errors
  version: c7d06af17c68cd34c835053720b21f6549d9b0ee
- name: github.com/ngaut/go-zookeeper
  version: 9c3719e318c7cfd072e41eb48cb71fcaa49d5e05
  subpackages:
  - zk
- name: github.com/ngaut/log
  version: b8e36e7ba5ac61ce5644e570f1cc42d97dbaf8ed
- name: github.com/pingcap/go-hbase
  version: 7719ebb8a546a5a8359ca5344e4f5f89b9919300
  subpackages:
  - iohelper
  - proto
testImports:
- name: github.com/pingcap/check
  version: 1c287c953996ab3a0bf535dba9d53d809d3dc0b6
